{
  "name": "three-mesh-ui-sandbox",
  "version": "0.0.1",
  "lockfileVersion": 1,
  "requires": true,
  "dependencies": {
    "lil-gui": {
      "version": "0.16.0",
      "resolved": "https://registry.npmjs.org/lil-gui/-/lil-gui-0.16.0.tgz",
      "integrity": "sha512-wDySFozDfOed8UymoMprgQ+xuEZhbOP9h6cagszu/gIRpGjfoo8lHPYXXJN5OluHoM1Z4Y2ac0FJhiMQC5Ac0Q=="
    }
  }
}
